
Microsoft Visual Studio Solution File, Format Version 12.00
# Visual Studio Version 16
VisualStudioVersion = 16.0.33027.164
MinimumVisualStudioVersion = 10.0.40219.1
Project("{FAE04EC0-301F-11D3-BF4B-00C04F79EFBC}") = "Rock Paper Scissors", "Rock Paper Scissors\Rock Paper Scissors.csproj", "{3C58BA60-FB81-4D1F-B4FE-E8DAAB76677F}"
EndProject
Global
	GlobalSection(SolutionConfigurationPlatforms) = preSolution
		Debug|Any CPU = Debug|Any CPU
		Release|Any CPU = Release|Any CPU
	EndGlobalSection
	GlobalSection(ProjectConfigurationPlatforms) = postSolution
		{3C58BA60-FB81-4D1F-B4FE-E8DAAB76677F}.Debug|Any CPU.ActiveCfg = Debug|Any CPU
		{3C58BA60-FB81-4D1F-B4FE-E8DAAB76677F}.Debug|Any CPU.Build.0 = Debug|Any CPU
		{3C58BA60-FB81-4D1F-B4FE-E8DAAB76677F}.Release|Any CPU.ActiveCfg = Release|Any CPU
		{3C58BA60-FB81-4D1F-B4FE-E8DAAB76677F}.Release|Any CPU.Build.0 = Release|Any CPU
	EndGlobalSection
	GlobalSection(SolutionProperties) = preSolution
		HideSolutionNode = FALSE
	EndGlobalSection
	GlobalSection(ExtensibilityGlobals) = postSolution
		SolutionGuid = {2628C628-5F2A-4BF1-8662-53D9A3A3FC96}
	EndGlobalSection
EndGlobal
